
Microsoft Visual Studio Solution File, Format Version 12.00
# Visual Studio 15
VisualStudioVersion = 15.0.27130.2027
MinimumVisualStudioVersion = 10.0.40219.1
Project("{FAE04EC0-301F-11D3-BF4B-00C04F79EFBC}") = "RTGMachinev1", "RTGMachinev1\RTGMachinev1.csproj", "{D79D0B8B-5CD5-4EBE-95C5-4D4D69B9687B}"
EndProject
Project("{2150E333-8FDC-42A3-9474-1A3956D46DE8}") = "1-Contracts", "1-Contracts", "{5E748550-98EB-4BC9-851B-A6A9F52A3BA3}"
EndProject
Project("{2150E333-8FDC-42A3-9474-1A3956D46DE8}") = "2-Web", "2-Web", "{02D80CE7-E104-4FF4-BAE1-035954ED04AE}"
EndProject
Project("{2150E333-8FDC-42A3-9474-1A3956D46DE8}") = "3-Services", "3-Services", "{B0CF0D5A-EDF2-4B7B-B1E1-A7006BF5252B}"
EndProject
Project("{2150E333-8FDC-42A3-9474-1A3956D46DE8}") = "4-DataAcquisition", "4-DataAcquisition", "{58AB6192-D37D-4936-8FCE-813ED7813C87}"
EndProject
Project("{2150E333-8FDC-42A3-9474-1A3956D46DE8}") = "5-Tests", "5-Tests", "{981F0AA7-6B16-4A98-96F9-3A8BC37A8F33}"
EndProject
Project("{FAE04EC0-301F-11D3-BF4B-00C04F79EFBC}") = "Contracts", "Contracts\Contracts.csproj", "{B0E368AB-C0E3-42D5-BC6D-B90D83F06AD5}"
EndProject
Project("{FAE04EC0-301F-11D3-BF4B-00C04F79EFBC}") = "Services", "Services\Services.csproj", "{9EBD5140-7BEF-4740-A8B6-A3F70725C94F}"
EndProject
Project("{FAE04EC0-301F-11D3-BF4B-00C04F79EFBC}") = "DataAcquisition", "DataAcquisition\DataAcquisition.csproj", "{71E17A1E-3649-4BA8-9281-D1382B516CB2}"
EndProject
Global
	GlobalSection(SolutionConfigurationPlatforms) = preSolution
		Debug|Any CPU = Debug|Any CPU
		Release|Any CPU = Release|Any CPU
	EndGlobalSection
	GlobalSection(ProjectConfigurationPlatforms) = postSolution
		{D79D0B8B-5CD5-4EBE-95C5-4D4D69B9687B}.Debug|Any CPU.ActiveCfg = Debug|Any CPU
		{D79D0B8B-5CD5-4EBE-95C5-4D4D69B9687B}.Debug|Any CPU.Build.0 = Debug|Any CPU
		{D79D0B8B-5CD5-4EBE-95C5-4D4D69B9687B}.Release|Any CPU.ActiveCfg = Release|Any CPU
		{D79D0B8B-5CD5-4EBE-95C5-4D4D69B9687B}.Release|Any CPU.Build.0 = Release|Any CPU
		{B0E368AB-C0E3-42D5-BC6D-B90D83F06AD5}.Debug|Any CPU.ActiveCfg = Debug|Any CPU
		{B0E368AB-C0E3-42D5-BC6D-B90D83F06AD5}.Debug|Any CPU.Build.0 = Debug|Any CPU
		{B0E368AB-C0E3-42D5-BC6D-B90D83F06AD5}.Release|Any CPU.ActiveCfg = Release|Any CPU
		{B0E368AB-C0E3-42D5-BC6D-B90D83F06AD5}.Release|Any CPU.Build.0 = Release|Any CPU
		{9EBD5140-7BEF-4740-A8B6-A3F70725C94F}.Debug|Any CPU.ActiveCfg = Debug|Any CPU
		{9EBD5140-7BEF-4740-A8B6-A3F70725C94F}.Debug|Any CPU.Build.0 = Debug|Any CPU
		{9EBD5140-7BEF-4740-A8B6-A3F70725C94F}.Release|Any CPU.ActiveCfg = Release|Any CPU
		{9EBD5140-7BEF-4740-A8B6-A3F70725C94F}.Release|Any CPU.Build.0 = Release|Any CPU
		{71E17A1E-3649-4BA8-9281-D1382B516CB2}.Debug|Any CPU.ActiveCfg = Debug|Any CPU
		{71E17A1E-3649-4BA8-9281-D1382B516CB2}.Debug|Any CPU.Build.0 = Debug|Any CPU
		{71E17A1E-3649-4BA8-9281-D1382B516CB2}.Release|Any CPU.ActiveCfg = Release|Any CPU
		{71E17A1E-3649-4BA8-9281-D1382B516CB2}.Release|Any CPU.Build.0 = Release|Any CPU
	EndGlobalSection
	GlobalSection(SolutionProperties) = preSolution
		HideSolutionNode = FALSE
	EndGlobalSection
	GlobalSection(NestedProjects) = preSolution
		{D79D0B8B-5CD5-4EBE-95C5-4D4D69B9687B} = {02D80CE7-E104-4FF4-BAE1-035954ED04AE}
		{B0E368AB-C0E3-42D5-BC6D-B90D83F06AD5} = {5E748550-98EB-4BC9-851B-A6A9F52A3BA3}
		{9EBD5140-7BEF-4740-A8B6-A3F70725C94F} = {B0CF0D5A-EDF2-4B7B-B1E1-A7006BF5252B}
		{71E17A1E-3649-4BA8-9281-D1382B516CB2} = {58AB6192-D37D-4936-8FCE-813ED7813C87}
	EndGlobalSection
	GlobalSection(ExtensibilityGlobals) = postSolution
		SolutionGuid = {025242E8-ADE1-4EA6-B59B-6EC3A5E8FE57}
	EndGlobalSection
EndGlobal
